
Microsoft Visual Studio Solution File, Format Version 12.00
# Visual Studio 14
VisualStudioVersion = 14.0.25420.1
MinimumVisualStudioVersion = 10.0.40219.1
Project("{2150E333-8FDC-42A3-9474-1A3956D46DE8}") = "Projects", "Projects", "{A6D092C4-0F23-4A01-AA6D-F4E1C57691DB}"
EndProject
Project("{8BC9CEB8-8B4A-11D0-8D11-00A0C91BC942}") = "gg001-Triangle", "Projects\gg001-Triangle\gg001-Triangle.vcxproj", "{95599639-D6C6-400A-8457-C5731C53964A}"
EndProject
Project("{8BC9CEB8-8B4A-11D0-8D11-00A0C91BC942}") = "Egg", "Projects\Egg\Egg.vcxproj", "{5EDE2354-D8D2-43A8-955E-C2746B29F3BA}"
EndProject
Project("{8BC9CEB8-8B4A-11D0-8D11-00A0C91BC942}") = "gg002-App", "Projects\gg002-App\gg002-App.vcxproj", "{A5A22770-08F4-4DAA-A5FE-142C041C79CA}"
	ProjectSection(ProjectDependencies) = postProject
		{5EDE2354-D8D2-43A8-955E-C2746B29F3BA} = {5EDE2354-D8D2-43A8-955E-C2746B29F3BA}
	EndProjectSection
EndProject
Project("{8BC9CEB8-8B4A-11D0-8D11-00A0C91BC942}") = "gg003-Mesh", "Projects\gg003-Mesh\gg003-Mesh.vcxproj", "{5B435B61-CF27-40AE-BBFD-FEFC7A649B44}"
	ProjectSection(ProjectDependencies) = postProject
		{5EDE2354-D8D2-43A8-955E-C2746B29F3BA} = {5EDE2354-D8D2-43A8-955E-C2746B29F3BA}
	EndProjectSection
EndProject
Project("{8BC9CEB8-8B4A-11D0-8D11-00A0C91BC942}") = "gg004-Cam", "Projects\gg004-Cam\gg004-Cam.vcxproj", "{55F053D9-A794-4946-975B-8A1F166F8794}"
	ProjectSection(ProjectDependencies) = postProject
		{5EDE2354-D8D2-43A8-955E-C2746B29F3BA} = {5EDE2354-D8D2-43A8-955E-C2746B29F3BA}
	EndProjectSection
EndProject
Project("{8BC9CEB8-8B4A-11D0-8D11-00A0C91BC942}") = "gg005-Tex", "Projects\gg005-Tex\gg005-Tex.vcxproj", "{C58DF37C-FB80-490E-AA40-8C43007F2665}"
	ProjectSection(ProjectDependencies) = postProject
		{5EDE2354-D8D2-43A8-955E-C2746B29F3BA} = {5EDE2354-D8D2-43A8-955E-C2746B29F3BA}
	EndProjectSection
EndProject
Project("{8BC9CEB8-8B4A-11D0-8D11-00A0C91BC942}") = "gg006-Radiometry", "Projects\gg006-Radiometry\gg006-Radiometry.vcxproj", "{5F8DCD9D-24B6-4C98-B523-E8F920B17C91}"
	ProjectSection(ProjectDependencies) = postProject
		{5EDE2354-D8D2-43A8-955E-C2746B29F3BA} = {5EDE2354-D8D2-43A8-955E-C2746B29F3BA}
	EndProjectSection
EndProject
Project("{8BC9CEB8-8B4A-11D0-8D11-00A0C91BC942}") = "gg007-EnvMap", "Projects\gg007-EnvMap\gg007-EnvMap.vcxproj", "{E1190C0C-A8D7-4876-9F3D-86CBAB8DDD39}"
	ProjectSection(ProjectDependencies) = postProject
		{5EDE2354-D8D2-43A8-955E-C2746B29F3BA} = {5EDE2354-D8D2-43A8-955E-C2746B29F3BA}
	EndProjectSection
EndProject
Project("{8BC9CEB8-8B4A-11D0-8D11-00A0C91BC942}") = "gg011-Particles", "Projects\gg011-Particles\gg011-Particles.vcxproj", "{286C7566-736E-45AE-BD1D-9D7EDDEDA8FB}"
	ProjectSection(ProjectDependencies) = postProject
		{5EDE2354-D8D2-43A8-955E-C2746B29F3BA} = {5EDE2354-D8D2-43A8-955E-C2746B29F3BA}
	EndProjectSection
EndProject
Project("{8BC9CEB8-8B4A-11D0-8D11-00A0C91BC942}") = "gg014-Scene", "Projects\gg014-Scene\gg014-Scene.vcxproj", "{426E1B0F-D96B-4AC6-A07C-B0B285065848}"
	ProjectSection(ProjectDependencies) = postProject
		{5EDE2354-D8D2-43A8-955E-C2746B29F3BA} = {5EDE2354-D8D2-43A8-955E-C2746B29F3BA}
	EndProjectSection
EndProject
Project("{8BC9CEB8-8B4A-11D0-8D11-00A0C91BC942}") = "gg010-Instancing", "Projects\gg010-Instancing\gg010-Instancing.vcxproj", "{EA5B481D-DC96-4AC5-91D3-33AD4F64DE00}"
	ProjectSection(ProjectDependencies) = postProject
		{5EDE2354-D8D2-43A8-955E-C2746B29F3BA} = {5EDE2354-D8D2-43A8-955E-C2746B29F3BA}
	EndProjectSection
EndProject
Project("{8BC9CEB8-8B4A-11D0-8D11-00A0C91BC942}") = "Quilting", "Projects\Quilting\Quilting.vcxproj", "{D2CAD277-14B9-4AB7-9B5E-FCAA26C71070}"
	ProjectSection(ProjectDependencies) = postProject
		{5EDE2354-D8D2-43A8-955E-C2746B29F3BA} = {5EDE2354-D8D2-43A8-955E-C2746B29F3BA}
	EndProjectSection
EndProject
Project("{8BC9CEB8-8B4A-11D0-8D11-00A0C91BC942}") = "Sw2PhysX", "Projects\Sw2PhysX\Sw2PhysX.vcxproj", "{9EF4AD02-3159-495C-9A0D-49E8F632BDD7}"
	ProjectSection(ProjectDependencies) = postProject
		{5EDE2354-D8D2-43A8-955E-C2746B29F3BA} = {5EDE2354-D8D2-43A8-955E-C2746B29F3BA}
	EndProjectSection
EndProject
Project("{8BC9CEB8-8B4A-11D0-8D11-00A0C91BC942}") = "gg000-HomeWork", "Projects\gg000-Homework\gg000-HomeWork.vcxproj", "{1ABAD0E5-B9C2-463A-B461-217B51CB358A}"
	ProjectSection(ProjectDependencies) = postProject
		{5EDE2354-D8D2-43A8-955E-C2746B29F3BA} = {5EDE2354-D8D2-43A8-955E-C2746B29F3BA}
	EndProjectSection
EndProject
Project("{8BC9CEB8-8B4A-11D0-8D11-00A0C91BC942}") = "gg015-Physics", "Projects\gg015-Physics\gg015-Physics.vcxproj", "{C6A059D7-EF99-4239-A47D-CE55B16C561F}"
	ProjectSection(ProjectDependencies) = postProject
		{5EDE2354-D8D2-43A8-955E-C2746B29F3BA} = {5EDE2354-D8D2-43A8-955E-C2746B29F3BA}
	EndProjectSection
EndProject
Global
	GlobalSection(SolutionConfigurationPlatforms) = preSolution
		Debug|x64 = Debug|x64
		Debug|x86 = Debug|x86
		Release|x64 = Release|x64
		Release|x86 = Release|x86
	EndGlobalSection
	GlobalSection(ProjectConfigurationPlatforms) = postSolution
		{95599639-D6C6-400A-8457-C5731C53964A}.Debug|x64.ActiveCfg = Debug|x64
		{95599639-D6C6-400A-8457-C5731C53964A}.Debug|x64.Build.0 = Debug|x64
		{95599639-D6C6-400A-8457-C5731C53964A}.Debug|x86.ActiveCfg = Debug|Win32
		{95599639-D6C6-400A-8457-C5731C53964A}.Debug|x86.Build.0 = Debug|Win32
		{95599639-D6C6-400A-8457-C5731C53964A}.Release|x64.ActiveCfg = Release|x64
		{95599639-D6C6-400A-8457-C5731C53964A}.Release|x64.Build.0 = Release|x64
		{95599639-D6C6-400A-8457-C5731C53964A}.Release|x86.ActiveCfg = Release|Win32
		{95599639-D6C6-400A-8457-C5731C53964A}.Release|x86.Build.0 = Release|Win32
		{5EDE2354-D8D2-43A8-955E-C2746B29F3BA}.Debug|x64.ActiveCfg = Debug|x64
		{5EDE2354-D8D2-43A8-955E-C2746B29F3BA}.Debug|x64.Build.0 = Debug|x64
		{5EDE2354-D8D2-43A8-955E-C2746B29F3BA}.Debug|x86.ActiveCfg = Debug|Win32
		{5EDE2354-D8D2-43A8-955E-C2746B29F3BA}.Debug|x86.Build.0 = Debug|Win32
		{5EDE2354-D8D2-43A8-955E-C2746B29F3BA}.Release|x64.ActiveCfg = Release|x64
		{5EDE2354-D8D2-43A8-955E-C2746B29F3BA}.Release|x64.Build.0 = Release|x64
		{5EDE2354-D8D2-43A8-955E-C2746B29F3BA}.Release|x86.ActiveCfg = Release|Win32
		{5EDE2354-D8D2-43A8-955E-C2746B29F3BA}.Release|x86.Build.0 = Release|Win32
		{A5A22770-08F4-4DAA-A5FE-142C041C79CA}.Debug|x64.ActiveCfg = Debug|x64
		{A5A22770-08F4-4DAA-A5FE-142C041C79CA}.Debug|x64.Build.0 = Debug|x64
		{A5A22770-08F4-4DAA-A5FE-142C041C79CA}.Debug|x86.ActiveCfg = Debug|Win32
		{A5A22770-08F4-4DAA-A5FE-142C041C79CA}.Debug|x86.Build.0 = Debug|Win32
		{A5A22770-08F4-4DAA-A5FE-142C041C79CA}.Release|x64.ActiveCfg = Release|x64
		{A5A22770-08F4-4DAA-A5FE-142C041C79CA}.Release|x64.Build.0 = Release|x64
		{A5A22770-08F4-4DAA-A5FE-142C041C79CA}.Release|x86.ActiveCfg = Release|Win32
		{A5A22770-08F4-4DAA-A5FE-142C041C79CA}.Release|x86.Build.0 = Release|Win32
		{5B435B61-CF27-40AE-BBFD-FEFC7A649B44}.Debug|x64.ActiveCfg = Debug|x64
		{5B435B61-CF27-40AE-BBFD-FEFC7A649B44}.Debug|x64.Build.0 = Debug|x64
		{5B435B61-CF27-40AE-BBFD-FEFC7A649B44}.Debug|x86.ActiveCfg = Debug|Win32
		{5B435B61-CF27-40AE-BBFD-FEFC7A649B44}.Debug|x86.Build.0 = Debug|Win32
		{5B435B61-CF27-40AE-BBFD-FEFC7A649B44}.Release|x64.ActiveCfg = Release|x64
		{5B435B61-CF27-40AE-BBFD-FEFC7A649B44}.Release|x64.Build.0 = Release|x64
		{5B435B61-CF27-40AE-BBFD-FEFC7A649B44}.Release|x86.ActiveCfg = Release|Win32
		{5B435B61-CF27-40AE-BBFD-FEFC7A649B44}.Release|x86.Build.0 = Release|Win32
		{55F053D9-A794-4946-975B-8A1F166F8794}.Debug|x64.ActiveCfg = Debug|x64
		{55F053D9-A794-4946-975B-8A1F166F8794}.Debug|x64.Build.0 = Debug|x64
		{55F053D9-A794-4946-975B-8A1F166F8794}.Debug|x86.ActiveCfg = Debug|Win32
		{55F053D9-A794-4946-975B-8A1F166F8794}.Debug|x86.Build.0 = Debug|Win32
		{55F053D9-A794-4946-975B-8A1F166F8794}.Release|x64.ActiveCfg = Release|x64
		{55F053D9-A794-4946-975B-8A1F166F8794}.Release|x64.Build.0 = Release|x64
		{55F053D9-A794-4946-975B-8A1F166F8794}.Release|x86.ActiveCfg = Release|Win32
		{55F053D9-A794-4946-975B-8A1F166F8794}.Release|x86.Build.0 = Release|Win32
		{C58DF37C-FB80-490E-AA40-8C43007F2665}.Debug|x64.ActiveCfg = Debug|x64
		{C58DF37C-FB80-490E-AA40-8C43007F2665}.Debug|x64.Build.0 = Debug|x64
		{C58DF37C-FB80-490E-AA40-8C43007F2665}.Debug|x86.ActiveCfg = Debug|Win32
		{C58DF37C-FB80-490E-AA40-8C43007F2665}.Debug|x86.Build.0 = Debug|Win32
		{C58DF37C-FB80-490E-AA40-8C43007F2665}.Release|x64.ActiveCfg = Release|x64
		{C58DF37C-FB80-490E-AA40-8C43007F2665}.Release|x64.Build.0 = Release|x64
		{C58DF37C-FB80-490E-AA40-8C43007F2665}.Release|x86.ActiveCfg = Release|Win32
		{C58DF37C-FB80-490E-AA40-8C43007F2665}.Release|x86.Build.0 = Release|Win32
		{5F8DCD9D-24B6-4C98-B523-E8F920B17C91}.Debug|x64.ActiveCfg = Debug|x64
		{5F8DCD9D-24B6-4C98-B523-E8F920B17C91}.Debug|x64.Build.0 = Debug|x64
		{5F8DCD9D-24B6-4C98-B523-E8F920B17C91}.Debug|x86.ActiveCfg = Debug|Win32
		{5F8DCD9D-24B6-4C98-B523-E8F920B17C91}.Debug|x86.Build.0 = Debug|Win32
		{5F8DCD9D-24B6-4C98-B523-E8F920B17C91}.Release|x64.ActiveCfg = Release|x64
		{5F8DCD9D-24B6-4C98-B523-E8F920B17C91}.Release|x64.Build.0 = Release|x64
		{5F8DCD9D-24B6-4C98-B523-E8F920B17C91}.Release|x86.ActiveCfg = Release|Win32
		{5F8DCD9D-24B6-4C98-B523-E8F920B17C91}.Release|x86.Build.0 = Release|Win32
		{E1190C0C-A8D7-4876-9F3D-86CBAB8DDD39}.Debug|x64.ActiveCfg = Debug|x64
		{E1190C0C-A8D7-4876-9F3D-86CBAB8DDD39}.Debug|x64.Build.0 = Debug|x64
		{E1190C0C-A8D7-4876-9F3D-86CBAB8DDD39}.Debug|x86.ActiveCfg = Debug|Win32
		{E1190C0C-A8D7-4876-9F3D-86CBAB8DDD39}.Debug|x86.Build.0 = Debug|Win32
		{E1190C0C-A8D7-4876-9F3D-86CBAB8DDD39}.Release|x64.ActiveCfg = Release|x64
		{E1190C0C-A8D7-4876-9F3D-86CBAB8DDD39}.Release|x64.Build.0 = Release|x64
		{E1190C0C-A8D7-4876-9F3D-86CBAB8DDD39}.Release|x86.ActiveCfg = Release|Win32
		{E1190C0C-A8D7-4876-9F3D-86CBAB8DDD39}.Release|x86.Build.0 = Release|Win32
		{286C7566-736E-45AE-BD1D-9D7EDDEDA8FB}.Debug|x64.ActiveCfg = Debug|x64
		{286C7566-736E-45AE-BD1D-9D7EDDEDA8FB}.Debug|x64.Build.0 = Debug|x64
		{286C7566-736E-45AE-BD1D-9D7EDDEDA8FB}.Debug|x86.ActiveCfg = Debug|Win32
		{286C7566-736E-45AE-BD1D-9D7EDDEDA8FB}.Debug|x86.Build.0 = Debug|Win32
		{286C7566-736E-45AE-BD1D-9D7EDDEDA8FB}.Release|x64.ActiveCfg = Release|x64
		{286C7566-736E-45AE-BD1D-9D7EDDEDA8FB}.Release|x64.Build.0 = Release|x64
		{286C7566-736E-45AE-BD1D-9D7EDDEDA8FB}.Release|x86.ActiveCfg = Release|Win32
		{286C7566-736E-45AE-BD1D-9D7EDDEDA8FB}.Release|x86.Build.0 = Release|Win32
		{426E1B0F-D96B-4AC6-A07C-B0B285065848}.Debug|x64.ActiveCfg = Debug|x64
		{426E1B0F-D96B-4AC6-A07C-B0B285065848}.Debug|x64.Build.0 = Debug|x64
		{426E1B0F-D96B-4AC6-A07C-B0B285065848}.Debug|x86.ActiveCfg = Debug|Win32
		{426E1B0F-D96B-4AC6-A07C-B0B285065848}.Debug|x86.Build.0 = Debug|Win32
		{426E1B0F-D96B-4AC6-A07C-B0B285065848}.Release|x64.ActiveCfg = Release|x64
		{426E1B0F-D96B-4AC6-A07C-B0B285065848}.Release|x64.Build.0 = Release|x64
		{426E1B0F-D96B-4AC6-A07C-B0B285065848}.Release|x86.ActiveCfg = Release|Win32
		{426E1B0F-D96B-4AC6-A07C-B0B285065848}.Release|x86.Build.0 = Release|Win32
		{EA5B481D-DC96-4AC5-91D3-33AD4F64DE00}.Debug|x64.ActiveCfg = Debug|x64
		{EA5B481D-DC96-4AC5-91D3-33AD4F64DE00}.Debug|x64.Build.0 = Debug|x64
		{EA5B481D-DC96-4AC5-91D3-33AD4F64DE00}.Debug|x86.ActiveCfg = Debug|Win32
		{EA5B481D-DC96-4AC5-91D3-33AD4F64DE00}.Debug|x86.Build.0 = Debug|Win32
		{EA5B481D-DC96-4AC5-91D3-33AD4F64DE00}.Release|x64.ActiveCfg = Release|x64
		{EA5B481D-DC96-4AC5-91D3-33AD4F64DE00}.Release|x64.Build.0 = Release|x64
		{EA5B481D-DC96-4AC5-91D3-33AD4F64DE00}.Release|x86.ActiveCfg = Release|Win32
		{EA5B481D-DC96-4AC5-91D3-33AD4F64DE00}.Release|x86.Build.0 = Release|Win32
		{D2CAD277-14B9-4AB7-9B5E-FCAA26C71070}.Debug|x64.ActiveCfg = Debug|x64
		{D2CAD277-14B9-4AB7-9B5E-FCAA26C71070}.Debug|x64.Build.0 = Debug|x64
		{D2CAD277-14B9-4AB7-9B5E-FCAA26C71070}.Debug|x86.ActiveCfg = Debug|Win32
		{D2CAD277-14B9-4AB7-9B5E-FCAA26C71070}.Debug|x86.Build.0 = Debug|Win32
		{D2CAD277-14B9-4AB7-9B5E-FCAA26C71070}.Release|x64.ActiveCfg = Release|x64
		{D2CAD277-14B9-4AB7-9B5E-FCAA26C71070}.Release|x64.Build.0 = Release|x64
		{D2CAD277-14B9-4AB7-9B5E-FCAA26C71070}.Release|x86.ActiveCfg = Release|Win32
		{D2CAD277-14B9-4AB7-9B5E-FCAA26C71070}.Release|x86.Build.0 = Release|Win32
		{9EF4AD02-3159-495C-9A0D-49E8F632BDD7}.Debug|x64.ActiveCfg = Debug|x64
		{9EF4AD02-3159-495C-9A0D-49E8F632BDD7}.Debug|x64.Build.0 = Debug|x64
		{9EF4AD02-3159-495C-9A0D-49E8F632BDD7}.Debug|x86.ActiveCfg = Debug|Win32
		{9EF4AD02-3159-495C-9A0D-49E8F632BDD7}.Debug|x86.Build.0 = Debug|Win32
		{9EF4AD02-3159-495C-9A0D-49E8F632BDD7}.Release|x64.ActiveCfg = Release|x64
		{9EF4AD02-3159-495C-9A0D-49E8F632BDD7}.Release|x64.Build.0 = Release|x64
		{9EF4AD02-3159-495C-9A0D-49E8F632BDD7}.Release|x86.ActiveCfg = Release|Win32
		{9EF4AD02-3159-495C-9A0D-49E8F632BDD7}.Release|x86.Build.0 = Release|Win32
		{1ABAD0E5-B9C2-463A-B461-217B51CB358A}.Debug|x64.ActiveCfg = Debug|x64
		{1ABAD0E5-B9C2-463A-B461-217B51CB358A}.Debug|x64.Build.0 = Debug|x64
		{1ABAD0E5-B9C2-463A-B461-217B51CB358A}.Debug|x86.ActiveCfg = Debug|Win32
		{1ABAD0E5-B9C2-463A-B461-217B51CB358A}.Debug|x86.Build.0 = Debug|Win32
		{1ABAD0E5-B9C2-463A-B461-217B51CB358A}.Release|x64.ActiveCfg = Release|x64
		{1ABAD0E5-B9C2-463A-B461-217B51CB358A}.Release|x64.Build.0 = Release|x64
		{1ABAD0E5-B9C2-463A-B461-217B51CB358A}.Release|x86.ActiveCfg = Release|Win32
		{1ABAD0E5-B9C2-463A-B461-217B51CB358A}.Release|x86.Build.0 = Release|Win32
		{C6A059D7-EF99-4239-A47D-CE55B16C561F}.Debug|x64.ActiveCfg = Debug|x64
		{C6A059D7-EF99-4239-A47D-CE55B16C561F}.Debug|x64.Build.0 = Debug|x64
		{C6A059D7-EF99-4239-A47D-CE55B16C561F}.Debug|x86.ActiveCfg = Debug|Win32
		{C6A059D7-EF99-4239-A47D-CE55B16C561F}.Debug|x86.Build.0 = Debug|Win32
		{C6A059D7-EF99-4239-A47D-CE55B16C561F}.Release|x64.ActiveCfg = Release|x64
		{C6A059D7-EF99-4239-A47D-CE55B16C561F}.Release|x64.Build.0 = Release|x64
		{C6A059D7-EF99-4239-A47D-CE55B16C561F}.Release|x86.ActiveCfg = Release|Win32
		{C6A059D7-EF99-4239-A47D-CE55B16C561F}.Release|x86.Build.0 = Release|Win32
	EndGlobalSection
	GlobalSection(SolutionProperties) = preSolution
		HideSolutionNode = FALSE
	EndGlobalSection
	GlobalSection(NestedProjects) = preSolution
		{95599639-D6C6-400A-8457-C5731C53964A} = {A6D092C4-0F23-4A01-AA6D-F4E1C57691DB}
		{5EDE2354-D8D2-43A8-955E-C2746B29F3BA} = {A6D092C4-0F23-4A01-AA6D-F4E1C57691DB}
		{A5A22770-08F4-4DAA-A5FE-142C041C79CA} = {A6D092C4-0F23-4A01-AA6D-F4E1C57691DB}
		{5B435B61-CF27-40AE-BBFD-FEFC7A649B44} = {A6D092C4-0F23-4A01-AA6D-F4E1C57691DB}
		{55F053D9-A794-4946-975B-8A1F166F8794} = {A6D092C4-0F23-4A01-AA6D-F4E1C57691DB}
		{C58DF37C-FB80-490E-AA40-8C43007F2665} = {A6D092C4-0F23-4A01-AA6D-F4E1C57691DB}
		{5F8DCD9D-24B6-4C98-B523-E8F920B17C91} = {A6D092C4-0F23-4A01-AA6D-F4E1C57691DB}
		{E1190C0C-A8D7-4876-9F3D-86CBAB8DDD39} = {A6D092C4-0F23-4A01-AA6D-F4E1C57691DB}
		{286C7566-736E-45AE-BD1D-9D7EDDEDA8FB} = {A6D092C4-0F23-4A01-AA6D-F4E1C57691DB}
		{426E1B0F-D96B-4AC6-A07C-B0B285065848} = {A6D092C4-0F23-4A01-AA6D-F4E1C57691DB}
		{EA5B481D-DC96-4AC5-91D3-33AD4F64DE00} = {A6D092C4-0F23-4A01-AA6D-F4E1C57691DB}
		{D2CAD277-14B9-4AB7-9B5E-FCAA26C71070} = {A6D092C4-0F23-4A01-AA6D-F4E1C57691DB}
		{9EF4AD02-3159-495C-9A0D-49E8F632BDD7} = {A6D092C4-0F23-4A01-AA6D-F4E1C57691DB}
		{1ABAD0E5-B9C2-463A-B461-217B51CB358A} = {A6D092C4-0F23-4A01-AA6D-F4E1C57691DB}
		{C6A059D7-EF99-4239-A47D-CE55B16C561F} = {A6D092C4-0F23-4A01-AA6D-F4E1C57691DB}
	EndGlobalSection
EndGlobal
